
Microsoft Visual Studio Solution File, Format Version 12.00
# Visual Studio Version 17
VisualStudioVersion = 17.3.32825.248
MinimumVisualStudioVersion = 10.0.40219.1
Project("{FAE04EC0-301F-11D3-BF4B-00C04F79EFBC}") = "Lab 02", "Lab 02\Lab 02.csproj", "{7E4092E0-FDE4-439F-B6E5-883D93955FC5}"
EndProject
Global
	GlobalSection(SolutionConfigurationPlatforms) = preSolution
		Debug|Any CPU = Debug|Any CPU
		Release|Any CPU = Release|Any CPU
	EndGlobalSection
	GlobalSection(ProjectConfigurationPlatforms) = postSolution
		{7E4092E0-FDE4-439F-B6E5-883D93955FC5}.Debug|Any CPU.ActiveCfg = Debug|Any CPU
		{7E4092E0-FDE4-439F-B6E5-883D93955FC5}.Debug|Any CPU.Build.0 = Debug|Any CPU
		{7E4092E0-FDE4-439F-B6E5-883D93955FC5}.Release|Any CPU.ActiveCfg = Release|Any CPU
		{7E4092E0-FDE4-439F-B6E5-883D93955FC5}.Release|Any CPU.Build.0 = Release|Any CPU
	EndGlobalSection
	GlobalSection(SolutionProperties) = preSolution
		HideSolutionNode = FALSE
	EndGlobalSection
	GlobalSection(ExtensibilityGlobals) = postSolution
		SolutionGuid = {B1EF0B1B-424C-43B9-8C38-47CB01C70728}
	EndGlobalSection
EndGlobal
